
Microsoft Visual Studio Solution File, Format Version 12.00
# Visual Studio Version 16
VisualStudioVersion = 16.0.30413.136
MinimumVisualStudioVersion = 10.0.40219.1
Project("{9A19103F-16F7-4668-BE54-9A1E7A4F7556}") = "ToDoApp", "ToDoApp\ToDoApp\ToDoApp.csproj", "{F24A4736-8E15-404C-9C1C-99CCFC44B4F4}"
EndProject
Project("{FAE04EC0-301F-11D3-BF4B-00C04F79EFBC}") = "ToDoApp.Android", "ToDoApp\ToDoApp.Android\ToDoApp.Android.csproj", "{B59B4268-0FC3-459F-8B8E-F21E7257A6B6}"
EndProject
Project("{FAE04EC0-301F-11D3-BF4B-00C04F79EFBC}") = "ToDoApp.UWP", "ToDoApp\ToDoApp.UWP\ToDoApp.UWP.csproj", "{E77EDD2A-28A9-4B68-A948-B5BF8020BAFE}"
EndProject
Project("{9A19103F-16F7-4668-BE54-9A1E7A4F7556}") = "ToDoApp.Persistence", "ToDoApp.Persistence\ToDoApp.Persistence.csproj", "{655B64A7-1E2F-4419-8F5F-F47F239CA281}"
EndProject
Project("{FAE04EC0-301F-11D3-BF4B-00C04F79EFBC}") = "ToDoApp.Domain", "ToDoApp.Domain\ToDoApp.Domain.csproj", "{47290D8B-784C-4EBC-A408-55F540CEE211}"
EndProject
Global
	GlobalSection(SolutionConfigurationPlatforms) = preSolution
		Debug|Any CPU = Debug|Any CPU
		Debug|ARM = Debug|ARM
		Debug|x64 = Debug|x64
		Debug|x86 = Debug|x86
		Release|Any CPU = Release|Any CPU
		Release|ARM = Release|ARM
		Release|x64 = Release|x64
		Release|x86 = Release|x86
	EndGlobalSection
	GlobalSection(ProjectConfigurationPlatforms) = postSolution
		{F24A4736-8E15-404C-9C1C-99CCFC44B4F4}.Debug|Any CPU.ActiveCfg = Debug|Any CPU
		{F24A4736-8E15-404C-9C1C-99CCFC44B4F4}.Debug|Any CPU.Build.0 = Debug|Any CPU
		{F24A4736-8E15-404C-9C1C-99CCFC44B4F4}.Debug|ARM.ActiveCfg = Debug|Any CPU
		{F24A4736-8E15-404C-9C1C-99CCFC44B4F4}.Debug|ARM.Build.0 = Debug|Any CPU
		{F24A4736-8E15-404C-9C1C-99CCFC44B4F4}.Debug|x64.ActiveCfg = Debug|Any CPU
		{F24A4736-8E15-404C-9C1C-99CCFC44B4F4}.Debug|x64.Build.0 = Debug|Any CPU
		{F24A4736-8E15-404C-9C1C-99CCFC44B4F4}.Debug|x86.ActiveCfg = Debug|Any CPU
		{F24A4736-8E15-404C-9C1C-99CCFC44B4F4}.Debug|x86.Build.0 = Debug|Any CPU
		{F24A4736-8E15-404C-9C1C-99CCFC44B4F4}.Release|Any CPU.ActiveCfg = Release|Any CPU
		{F24A4736-8E15-404C-9C1C-99CCFC44B4F4}.Release|Any CPU.Build.0 = Release|Any CPU
		{F24A4736-8E15-404C-9C1C-99CCFC44B4F4}.Release|ARM.ActiveCfg = Release|Any CPU
		{F24A4736-8E15-404C-9C1C-99CCFC44B4F4}.Release|ARM.Build.0 = Release|Any CPU
		{F24A4736-8E15-404C-9C1C-99CCFC44B4F4}.Release|x64.ActiveCfg = Release|Any CPU
		{F24A4736-8E15-404C-9C1C-99CCFC44B4F4}.Release|x64.Build.0 = Release|Any CPU
		{F24A4736-8E15-404C-9C1C-99CCFC44B4F4}.Release|x86.ActiveCfg = Release|Any CPU
		{F24A4736-8E15-404C-9C1C-99CCFC44B4F4}.Release|x86.Build.0 = Release|Any CPU
		{B59B4268-0FC3-459F-8B8E-F21E7257A6B6}.Debug|Any CPU.ActiveCfg = Debug|Any CPU
		{B59B4268-0FC3-459F-8B8E-F21E7257A6B6}.Debug|Any CPU.Build.0 = Debug|Any CPU
		{B59B4268-0FC3-459F-8B8E-F21E7257A6B6}.Debug|Any CPU.Deploy.0 = Debug|Any CPU
		{B59B4268-0FC3-459F-8B8E-F21E7257A6B6}.Debug|ARM.ActiveCfg = Debug|Any CPU
		{B59B4268-0FC3-459F-8B8E-F21E7257A6B6}.Debug|ARM.Build.0 = Debug|Any CPU
		{B59B4268-0FC3-459F-8B8E-F21E7257A6B6}.Debug|ARM.Deploy.0 = Debug|Any CPU
		{B59B4268-0FC3-459F-8B8E-F21E7257A6B6}.Debug|x64.ActiveCfg = Debug|Any CPU
		{B59B4268-0FC3-459F-8B8E-F21E7257A6B6}.Debug|x64.Build.0 = Debug|Any CPU
		{B59B4268-0FC3-459F-8B8E-F21E7257A6B6}.Debug|x64.Deploy.0 = Debug|Any CPU
		{B59B4268-0FC3-459F-8B8E-F21E7257A6B6}.Debug|x86.ActiveCfg = Debug|Any CPU
		{B59B4268-0FC3-459F-8B8E-F21E7257A6B6}.Debug|x86.Build.0 = Debug|Any CPU
		{B59B4268-0FC3-459F-8B8E-F21E7257A6B6}.Debug|x86.Deploy.0 = Debug|Any CPU
		{B59B4268-0FC3-459F-8B8E-F21E7257A6B6}.Release|Any CPU.ActiveCfg = Release|Any CPU
		{B59B4268-0FC3-459F-8B8E-F21E7257A6B6}.Release|Any CPU.Build.0 = Release|Any CPU
		{B59B4268-0FC3-459F-8B8E-F21E7257A6B6}.Release|Any CPU.Deploy.0 = Release|Any CPU
		{B59B4268-0FC3-459F-8B8E-F21E7257A6B6}.Release|ARM.ActiveCfg = Release|Any CPU
		{B59B4268-0FC3-459F-8B8E-F21E7257A6B6}.Release|ARM.Build.0 = Release|Any CPU
		{B59B4268-0FC3-459F-8B8E-F21E7257A6B6}.Release|ARM.Deploy.0 = Release|Any CPU
		{B59B4268-0FC3-459F-8B8E-F21E7257A6B6}.Release|x64.ActiveCfg = Release|Any CPU
		{B59B4268-0FC3-459F-8B8E-F21E7257A6B6}.Release|x64.Build.0 = Release|Any CPU
		{B59B4268-0FC3-459F-8B8E-F21E7257A6B6}.Release|x64.Deploy.0 = Release|Any CPU
		{B59B4268-0FC3-459F-8B8E-F21E7257A6B6}.Release|x86.ActiveCfg = Release|Any CPU
		{B59B4268-0FC3-459F-8B8E-F21E7257A6B6}.Release|x86.Build.0 = Release|Any CPU
		{B59B4268-0FC3-459F-8B8E-F21E7257A6B6}.Release|x86.Deploy.0 = Release|Any CPU
		{E77EDD2A-28A9-4B68-A948-B5BF8020BAFE}.Debug|Any CPU.ActiveCfg = Debug|x64
		{E77EDD2A-28A9-4B68-A948-B5BF8020BAFE}.Debug|Any CPU.Build.0 = Debug|x64
		{E77EDD2A-28A9-4B68-A948-B5BF8020BAFE}.Debug|Any CPU.Deploy.0 = Debug|x64
		{E77EDD2A-28A9-4B68-A948-B5BF8020BAFE}.Debug|ARM.ActiveCfg = Debug|ARM
		{E77EDD2A-28A9-4B68-A948-B5BF8020BAFE}.Debug|ARM.Build.0 = Debug|ARM
		{E77EDD2A-28A9-4B68-A948-B5BF8020BAFE}.Debug|ARM.Deploy.0 = Debug|ARM
		{E77EDD2A-28A9-4B68-A948-B5BF8020BAFE}.Debug|x64.ActiveCfg = Debug|x64
		{E77EDD2A-28A9-4B68-A948-B5BF8020BAFE}.Debug|x64.Build.0 = Debug|x64
		{E77EDD2A-28A9-4B68-A948-B5BF8020BAFE}.Debug|x64.Deploy.0 = Debug|x64
		{E77EDD2A-28A9-4B68-A948-B5BF8020BAFE}.Debug|x86.ActiveCfg = Debug|x86
		{E77EDD2A-28A9-4B68-A948-B5BF8020BAFE}.Debug|x86.Build.0 = Debug|x86
		{E77EDD2A-28A9-4B68-A948-B5BF8020BAFE}.Debug|x86.Deploy.0 = Debug|x86
		{E77EDD2A-28A9-4B68-A948-B5BF8020BAFE}.Release|Any CPU.ActiveCfg = Release|x86
		{E77EDD2A-28A9-4B68-A948-B5BF8020BAFE}.Release|ARM.ActiveCfg = Release|ARM
		{E77EDD2A-28A9-4B68-A948-B5BF8020BAFE}.Release|ARM.Build.0 = Release|ARM
		{E77EDD2A-28A9-4B68-A948-B5BF8020BAFE}.Release|ARM.Deploy.0 = Release|ARM
		{E77EDD2A-28A9-4B68-A948-B5BF8020BAFE}.Release|x64.ActiveCfg = Release|x64
		{E77EDD2A-28A9-4B68-A948-B5BF8020BAFE}.Release|x64.Build.0 = Release|x64
		{E77EDD2A-28A9-4B68-A948-B5BF8020BAFE}.Release|x64.Deploy.0 = Release|x64
		{E77EDD2A-28A9-4B68-A948-B5BF8020BAFE}.Release|x86.ActiveCfg = Release|x86
		{E77EDD2A-28A9-4B68-A948-B5BF8020BAFE}.Release|x86.Build.0 = Release|x86
		{E77EDD2A-28A9-4B68-A948-B5BF8020BAFE}.Release|x86.Deploy.0 = Release|x86
		{655B64A7-1E2F-4419-8F5F-F47F239CA281}.Debug|Any CPU.ActiveCfg = Debug|Any CPU
		{655B64A7-1E2F-4419-8F5F-F47F239CA281}.Debug|Any CPU.Build.0 = Debug|Any CPU
		{655B64A7-1E2F-4419-8F5F-F47F239CA281}.Debug|ARM.ActiveCfg = Debug|Any CPU
		{655B64A7-1E2F-4419-8F5F-F47F239CA281}.Debug|ARM.Build.0 = Debug|Any CPU
		{655B64A7-1E2F-4419-8F5F-F47F239CA281}.Debug|x64.ActiveCfg = Debug|Any CPU
		{655B64A7-1E2F-4419-8F5F-F47F239CA281}.Debug|x64.Build.0 = Debug|Any CPU
		{655B64A7-1E2F-4419-8F5F-F47F239CA281}.Debug|x86.ActiveCfg = Debug|Any CPU
		{655B64A7-1E2F-4419-8F5F-F47F239CA281}.Debug|x86.Build.0 = Debug|Any CPU
		{655B64A7-1E2F-4419-8F5F-F47F239CA281}.Release|Any CPU.ActiveCfg = Release|Any CPU
		{655B64A7-1E2F-4419-8F5F-F47F239CA281}.Release|Any CPU.Build.0 = Release|Any CPU
		{655B64A7-1E2F-4419-8F5F-F47F239CA281}.Release|ARM.ActiveCfg = Release|Any CPU
		{655B64A7-1E2F-4419-8F5F-F47F239CA281}.Release|ARM.Build.0 = Release|Any CPU
		{655B64A7-1E2F-4419-8F5F-F47F239CA281}.Release|x64.ActiveCfg = Release|Any CPU
		{655B64A7-1E2F-4419-8F5F-F47F239CA281}.Release|x64.Build.0 = Release|Any CPU
		{655B64A7-1E2F-4419-8F5F-F47F239CA281}.Release|x86.ActiveCfg = Release|Any CPU
		{655B64A7-1E2F-4419-8F5F-F47F239CA281}.Release|x86.Build.0 = Release|Any CPU
		{47290D8B-784C-4EBC-A408-55F540CEE211}.Debug|Any CPU.ActiveCfg = Debug|Any CPU
		{47290D8B-784C-4EBC-A408-55F540CEE211}.Debug|Any CPU.Build.0 = Debug|Any CPU
		{47290D8B-784C-4EBC-A408-55F540CEE211}.Debug|ARM.ActiveCfg = Debug|Any CPU
		{47290D8B-784C-4EBC-A408-55F540CEE211}.Debug|ARM.Build.0 = Debug|Any CPU
		{47290D8B-784C-4EBC-A408-55F540CEE211}.Debug|x64.ActiveCfg = Debug|Any CPU
		{47290D8B-784C-4EBC-A408-55F540CEE211}.Debug|x64.Build.0 = Debug|Any CPU
		{47290D8B-784C-4EBC-A408-55F540CEE211}.Debug|x86.ActiveCfg = Debug|Any CPU
		{47290D8B-784C-4EBC-A408-55F540CEE211}.Debug|x86.Build.0 = Debug|Any CPU
		{47290D8B-784C-4EBC-A408-55F540CEE211}.Release|Any CPU.ActiveCfg = Release|Any CPU
		{47290D8B-784C-4EBC-A408-55F540CEE211}.Release|Any CPU.Build.0 = Release|Any CPU
		{47290D8B-784C-4EBC-A408-55F540CEE211}.Release|ARM.ActiveCfg = Release|Any CPU
		{47290D8B-784C-4EBC-A408-55F540CEE211}.Release|ARM.Build.0 = Release|Any CPU
		{47290D8B-784C-4EBC-A408-55F540CEE211}.Release|x64.ActiveCfg = Release|Any CPU
		{47290D8B-784C-4EBC-A408-55F540CEE211}.Release|x64.Build.0 = Release|Any CPU
		{47290D8B-784C-4EBC-A408-55F540CEE211}.Release|x86.ActiveCfg = Release|Any CPU
		{47290D8B-784C-4EBC-A408-55F540CEE211}.Release|x86.Build.0 = Release|Any CPU
	EndGlobalSection
	GlobalSection(SolutionProperties) = preSolution
		HideSolutionNode = FALSE
	EndGlobalSection
	GlobalSection(ExtensibilityGlobals) = postSolution
		SolutionGuid = {74ABAC0A-1349-4C66-95A3-3494B1D7BAB8}
	EndGlobalSection
EndGlobal
